
Microsoft Visual Studio Solution File, Format Version 12.00
# Visual Studio 2017
Project("{FAE04EC0-301F-11D3-BF4B-00C04F79EFBC}") = "chapter_6_example2", "chapter_6_example2.csproj", "{BA273C1D-3DF4-B5A7-055C-63984EB02860}"
EndProject
Global
	GlobalSection(SolutionConfigurationPlatforms) = preSolution
		Debug|Any CPU = Debug|Any CPU
		Release|Any CPU = Release|Any CPU
	EndGlobalSection
	GlobalSection(ProjectConfigurationPlatforms) = postSolution
		{BA273C1D-3DF4-B5A7-055C-63984EB02860}.Debug|Any CPU.ActiveCfg = Debug|Any CPU
		{BA273C1D-3DF4-B5A7-055C-63984EB02860}.Debug|Any CPU.Build.0 = Debug|Any CPU
		{BA273C1D-3DF4-B5A7-055C-63984EB02860}.Release|Any CPU.ActiveCfg = Release|Any CPU
		{BA273C1D-3DF4-B5A7-055C-63984EB02860}.Release|Any CPU.Build.0 = Release|Any CPU
	EndGlobalSection
	GlobalSection(SolutionProperties) = preSolution
		HideSolutionNode = FALSE
	EndGlobalSection
EndGlobal
