Microsoft Visual Studio Solution File, Format Version 11.00
# Visual Studio 2008

Project("{E45EE7CE-7E88-149A-F8DD-32B27F9512CE}") = "03", "Assembly-CSharp.csproj", "{6332072E-2E84-DF91-5669-A9FBD3A2BAC8}"
EndProject
Global
	GlobalSection(SolutionConfigurationPlatforms) = preSolution
		Debug|Any CPU = Debug|Any CPU
		Release|Any CPU = Release|Any CPU
	EndGlobalSection
	GlobalSection(ProjectConfigurationPlatforms) = postSolution
		{6332072E-2E84-DF91-5669-A9FBD3A2BAC8}.Debug|Any CPU.ActiveCfg = Debug|Any CPU
		{6332072E-2E84-DF91-5669-A9FBD3A2BAC8}.Debug|Any CPU.Build.0 = Debug|Any CPU
		{6332072E-2E84-DF91-5669-A9FBD3A2BAC8}.Release|Any CPU.ActiveCfg = Release|Any CPU
		{6332072E-2E84-DF91-5669-A9FBD3A2BAC8}.Release|Any CPU.Build.0 = Release|Any CPU
	EndGlobalSection
	GlobalSection(SolutionProperties) = preSolution
		HideSolutionNode = FALSE
	EndGlobalSection
	GlobalSection(MonoDevelopProperties) = preSolution
		StartupItem = Assembly-CSharp.csproj
	EndGlobalSection
EndGlobal
