Microsoft Visual Studio Solution File, Format Version 11.00
# Visual Studio 2008

Project("{D689B025-EBB3-00ED-91AD-3928CE84A3AF}") = "chapter_6_example", "Assembly-CSharp.csproj", "{690744C1-5703-54C9-02DD-4D5B22950929}"
EndProject
Global
	GlobalSection(SolutionConfigurationPlatforms) = preSolution
		Debug|Any CPU = Debug|Any CPU
		Release|Any CPU = Release|Any CPU
	EndGlobalSection
	GlobalSection(ProjectConfigurationPlatforms) = postSolution
		{690744C1-5703-54C9-02DD-4D5B22950929}.Debug|Any CPU.ActiveCfg = Debug|Any CPU
		{690744C1-5703-54C9-02DD-4D5B22950929}.Debug|Any CPU.Build.0 = Debug|Any CPU
		{690744C1-5703-54C9-02DD-4D5B22950929}.Release|Any CPU.ActiveCfg = Release|Any CPU
		{690744C1-5703-54C9-02DD-4D5B22950929}.Release|Any CPU.Build.0 = Release|Any CPU
	EndGlobalSection
	GlobalSection(SolutionProperties) = preSolution
		HideSolutionNode = FALSE
	EndGlobalSection
	GlobalSection(MonoDevelopProperties) = preSolution
		StartupItem = Assembly-CSharp.csproj
	EndGlobalSection
EndGlobal
